{
  "nodes": {
    "custom": {
      "inputs": {
        "nixpkgs": "nixpkgs"
      },
      "locked": {
        "lastModified": 1723482672,
        "narHash": "sha256-RgBKxfo+gTFDrgvDVV/hH45VrOj1Jy3RIjzXkRjZ4oQ=",
        "owner": "pspiagicw",
        "repo": "packages",
        "rev": "889944aeadb29de3638f180f66bd1ae07a2607b7",
        "type": "github"
      },
      "original": {
        "owner": "pspiagicw",
        "repo": "packages",
        "type": "github"
      }
    },
    "nixpkgs": {
      "locked": {
        "lastModified": 0,
        "narHash": "sha256-oTK91aOlA/4IsjNAZGMEBz7Sq1zBS0Ltu4/nIQdYDOg=",
        "path": "/nix/store/61502m9h1jl40j7sxbcyjdm6qi1k7x97-source",
        "type": "path"
      },
      "original": {
        "id": "nixpkgs",
        "type": "indirect"
      }
    },
    "nixpkgs_2": {
      "locked": {
        "lastModified": 1723282977,
        "narHash": "sha256-oTK91aOlA/4IsjNAZGMEBz7Sq1zBS0Ltu4/nIQdYDOg=",
        "owner": "nixos",
        "repo": "nixpkgs",
        "rev": "a781ff33ae258bbcfd4ed6e673860c3e923bf2cc",
        "type": "github"
      },
      "original": {
        "owner": "nixos",
        "ref": "nixos-24.05",
        "repo": "nixpkgs",
        "type": "github"
      }
    },
    "root": {
      "inputs": {
        "custom": "custom",
        "nixpkgs": "nixpkgs_2"
      }
    }
  },
  "root": "root",
  "version": 7
}
